<?xml version="1.0" encoding="utf-8"?>
<Project ToolsVersion="4.0" xmlns="http://schemas.microsoft.com/developer/msbuild/2003">
  <ItemGroup>
    <Filter Include="Source Files">
      <UniqueIdentifier>{4FC737F1-C7A5-4376-A066-2A32D752A2FF}</UniqueIdentifier>
      <Extensions>cpp;c;cc;cxx;def;odl;idl;hpj;bat;asm;asmx</Extensions>
    </Filter>
    <Filter Include="Header Files">
      <UniqueIdentifier>{93995380-89BD-4b04-88EB-625FBE52EBFB}</UniqueIdentifier>
      <Extensions>h;hh;hpp;hxx;hm;inl;inc;ipp;xsd</Extensions>
    </Filter>
    <Filter Include="Resource Files">
      <UniqueIdentifier>{67DA6AB6-F800-4c08-8B7A-83BB121AAD01}</UniqueIdentifier>
      <Extensions>rc;ico;cur;bmp;dlg;rc2;rct;bin;rgs;gif;jpg;jpeg;jpe;resx;tiff;tif;png;wav;mfcribbon-ms</Extensions>
    </Filter>
  </ItemGroup>
  <ItemGroup>
    <ClInclude Include="..\Alive.h">
      <Filter>Header Files</Filter>
    </ClInclude>
    <ClInclude Include="..\Bullet.h">
      <Filter>Header Files</Filter>
    </ClInclude>
    <ClInclude Include="..\FlyingObject.h">
      <Filter>Header Files</Filter>
    </ClInclude>
    <ClInclude Include="..\Game.h">
      <Filter>Header Files</Filter>
    </ClInclude>
    <ClInclude Include="..\Point.h">
      <Filter>Header Files</Filter>
    </ClInclude>
    <ClInclude Include="..\Rifle.h">
      <Filter>Header Files</Filter>
    </ClInclude>
    <ClInclude Include="..\RockLarge.h">
      <Filter>Header Files</Filter>
    </ClInclude>
    <ClInclude Include="..\RockMedium.h">
      <Filter>Header Files</Filter>
    </ClInclude>
    <ClInclude Include="..\RockSmall.h">
      <Filter>Header Files</Filter>
    </ClInclude>
    <ClInclude Include="..\Ship.h">
      <Filter>Header Files</Filter>
    </ClInclude>
    <ClInclude Include="..\Target.h">
      <Filter>Header Files</Filter>
    </ClInclude>
    <ClInclude Include="..\Velocity.h">
      <Filter>Header Files</Filter>
    </ClInclude>
  </ItemGroup>
  <ItemGroup>
    <ClCompile Include="..\Bullet.cpp">
      <Filter>Source Files</Filter>
    </ClCompile>
    <ClCompile Include="..\FlyingObject.cpp">
      <Filter>Source Files</Filter>
    </ClCompile>
    <ClCompile Include="..\Game.cpp">
      <Filter>Source Files</Filter>
    </ClCompile>
    <ClCompile Include="..\Point.cpp">
      <Filter>Source Files</Filter>
    </ClCompile>
    <ClCompile Include="..\Rifle.cpp">
      <Filter>Source Files</Filter>
    </ClCompile>
    <ClCompile Include="..\RockLarge.cpp">
      <Filter>Source Files</Filter>
    </ClCompile>
    <ClCompile Include="..\RockMedium.cpp">
      <Filter>Source Files</Filter>
    </ClCompile>
    <ClCompile Include="..\RockSmall.cpp">
      <Filter>Source Files</Filter>
    </ClCompile>
    <ClCompile Include="..\Ship.cpp">
      <Filter>Source Files</Filter>
    </ClCompile>
    <ClCompile Include="..\Target.cpp">
      <Filter>Source Files</Filter>
    </ClCompile>
    <ClCompile Include="..\Velocity.cpp">
      <Filter>Source Files</Filter>
    </ClCompile>
  </ItemGroup>
</Project>